
Microsoft Visual Studio Solution File, Format Version 12.00
# Visual Studio 2013
VisualStudioVersion = 12.0.31101.0
MinimumVisualStudioVersion = 10.0.40219.1
Project("{FAE04EC0-301F-11D3-BF4B-00C04F79EFBC}") = "HuntingCalculator", "HuntingCalculator\HuntingCalculator.csproj", "{C50EC5FE-8477-4A99-8462-4AB93B4DEC8B}"
EndProject
Global
	GlobalSection(TeamFoundationVersionControl) = preSolution
		SccNumberOfProjects = 2
		SccEnterpriseProvider = {4CA58AB2-18FA-4F8D-95D4-32DDF27D184C}
		SccTeamFoundationServer = https://rolandskrumbergs.visualstudio.com/defaultcollection
		SccLocalPath0 = .
		SccProjectUniqueName1 = HuntingCalculator\\HuntingCalculator.csproj
		SccProjectName1 = HuntingCalculator
		SccLocalPath1 = HuntingCalculator
	EndGlobalSection
	GlobalSection(SolutionConfigurationPlatforms) = preSolution
		Debug|Any CPU = Debug|Any CPU
		Release|Any CPU = Release|Any CPU
	EndGlobalSection
	GlobalSection(ProjectConfigurationPlatforms) = postSolution
		{C50EC5FE-8477-4A99-8462-4AB93B4DEC8B}.Debug|Any CPU.ActiveCfg = Debug|Any CPU
		{C50EC5FE-8477-4A99-8462-4AB93B4DEC8B}.Debug|Any CPU.Build.0 = Debug|Any CPU
		{C50EC5FE-8477-4A99-8462-4AB93B4DEC8B}.Release|Any CPU.ActiveCfg = Release|Any CPU
		{C50EC5FE-8477-4A99-8462-4AB93B4DEC8B}.Release|Any CPU.Build.0 = Release|Any CPU
	EndGlobalSection
	GlobalSection(SolutionProperties) = preSolution
		HideSolutionNode = FALSE
	EndGlobalSection
EndGlobal
